<Solution>
  <Configurations>
    <Platform Name="ARM" />
    <Platform Name="ARM64" />
    <Platform Name="x64" />
    <Platform Name="x86" />
  </Configurations>
  <Project Path="simplechatServer/simplechatServer.vcxproj" Id="741ae13e-5023-44ba-bd62-34bf4dafda8a">
    <Platform Solution="*|x86" Project="x86" />
    <Deploy />
  </Project>
</Solution>
